// !$*UTF8*$!
{
	archiveVersion = 1;
	classes = {
	};
	objectVersion = 46;
	objects = {

/* Begin PBXBuildFile section */
		1CBB1AB9AACA6CAAE57B6196 /* Pods.framework in Frameworks */ = {isa = PBXBuildFile; fileRef = 6802A3628AC2DA0933E11F80 /* Pods.framework */; };
		5E2459591BE32B9F00AF322B /* CoreData.framework in Frameworks */ = {isa = PBXBuildFile; fileRef = 5E2459581BE32B9F00AF322B /* CoreData.framework */; };
		5E2DDB391BE9C8A100A45A8D /* SeparatorsViewController.swift in Sources */ = {isa = PBXBuildFile; fileRef = 5E2DDB381BE9C8A100A45A8D /* SeparatorsViewController.swift */; };
		5E2DDB3B1BE9C95300A45A8D /* Separator.swift in Sources */ = {isa = PBXBuildFile; fileRef = 5E2DDB3A1BE9C95300A45A8D /* Separator.swift */; };
		5E2DDB3D1BE9D63B00A45A8D /* GeneratorDestinationTableCellView.swift in Sources */ = {isa = PBXBuildFile; fileRef = 5E2DDB3C1BE9D63A00A45A8D /* GeneratorDestinationTableCellView.swift */; };
		5E2DDB3F1BE9F59A00A45A8D /* Generator.swift in Sources */ = {isa = PBXBuildFile; fileRef = 5E2DDB3E1BE9F59A00A45A8D /* Generator.swift */; };
		5EDA64001BE1E803002D0C8D /* AppDelegate.swift in Sources */ = {isa = PBXBuildFile; fileRef = 5EDA63FF1BE1E803002D0C8D /* AppDelegate.swift */; };
		5EDA64021BE1E803002D0C8D /* BricksViewController.swift in Sources */ = {isa = PBXBuildFile; fileRef = 5EDA64011BE1E803002D0C8D /* BricksViewController.swift */; };
		5EDA64041BE1E803002D0C8D /* Assets.xcassets in Resources */ = {isa = PBXBuildFile; fileRef = 5EDA64031BE1E803002D0C8D /* Assets.xcassets */; };
		5EDA64071BE1E803002D0C8D /* Main.storyboard in Resources */ = {isa = PBXBuildFile; fileRef = 5EDA64051BE1E803002D0C8D /* Main.storyboard */; };
		5EDA64141BE1EA73002D0C8D /* Brick.swift in Sources */ = {isa = PBXBuildFile; fileRef = 5EDA64131BE1EA73002D0C8D /* Brick.swift */; };
		5EDA64181BE25654002D0C8D /* WindowController.swift in Sources */ = {isa = PBXBuildFile; fileRef = 5EDA64171BE25654002D0C8D /* WindowController.swift */; };
		5EDA641A1BE26351002D0C8D /* GeneratorViewController.swift in Sources */ = {isa = PBXBuildFile; fileRef = 5EDA64191BE26351002D0C8D /* GeneratorViewController.swift */; };
/* End PBXBuildFile section */

/* Begin PBXCopyFilesBuildPhase section */
		5E2459711BE462FA00AF322B /* Embed Frameworks */ = {
			isa = PBXCopyFilesBuildPhase;
			buildActionMask = 2147483647;
			dstPath = "";
			dstSubfolderSpec = 10;
			files = (
			);
			name = "Embed Frameworks";
			runOnlyForDeploymentPostprocessing = 0;
		};
/* End PBXCopyFilesBuildPhase section */

/* Begin PBXFileReference section */
		5C355C697C1B66BB7E0D4347 /* Pods.debug.xcconfig */ = {isa = PBXFileReference; includeInIndex = 1; lastKnownFileType = text.xcconfig; name = Pods.debug.xcconfig; path = "Pods/Target Support Files/Pods/Pods.debug.xcconfig"; sourceTree = "<group>"; };
		5E2459571BE32A4400AF322B /* Tube_Bricks_Bridging_Header.h */ = {isa = PBXFileReference; lastKnownFileType = sourcecode.c.h; path = Tube_Bricks_Bridging_Header.h; sourceTree = "<group>"; };
		5E2459581BE32B9F00AF322B /* CoreData.framework */ = {isa = PBXFileReference; lastKnownFileType = wrapper.framework; name = CoreData.framework; path = System/Library/Frameworks/CoreData.framework; sourceTree = SDKROOT; };
		5E2DDB381BE9C8A100A45A8D /* SeparatorsViewController.swift */ = {isa = PBXFileReference; fileEncoding = 4; lastKnownFileType = sourcecode.swift; path = SeparatorsViewController.swift; sourceTree = "<group>"; };
		5E2DDB3A1BE9C95300A45A8D /* Separator.swift */ = {isa = PBXFileReference; fileEncoding = 4; lastKnownFileType = sourcecode.swift; path = Separator.swift; sourceTree = "<group>"; };
		5E2DDB3C1BE9D63A00A45A8D /* GeneratorDestinationTableCellView.swift */ = {isa = PBXFileReference; fileEncoding = 4; lastKnownFileType = sourcecode.swift; path = GeneratorDestinationTableCellView.swift; sourceTree = "<group>"; };
		5E2DDB3E1BE9F59A00A45A8D /* Generator.swift */ = {isa = PBXFileReference; fileEncoding = 4; lastKnownFileType = sourcecode.swift; path = Generator.swift; sourceTree = "<group>"; };
		5EDA63FC1BE1E802002D0C8D /* Tube Bricks.app */ = {isa = PBXFileReference; explicitFileType = wrapper.application; includeInIndex = 0; path = "Tube Bricks.app"; sourceTree = BUILT_PRODUCTS_DIR; };
		5EDA63FF1BE1E803002D0C8D /* AppDelegate.swift */ = {isa = PBXFileReference; lastKnownFileType = sourcecode.swift; path = AppDelegate.swift; sourceTree = "<group>"; };
		5EDA64011BE1E803002D0C8D /* BricksViewController.swift */ = {isa = PBXFileReference; lastKnownFileType = sourcecode.swift; path = BricksViewController.swift; sourceTree = "<group>"; };
		5EDA64031BE1E803002D0C8D /* Assets.xcassets */ = {isa = PBXFileReference; lastKnownFileType = folder.assetcatalog; path = Assets.xcassets; sourceTree = "<group>"; };
		5EDA64061BE1E803002D0C8D /* Base */ = {isa = PBXFileReference; lastKnownFileType = file.storyboard; name = Base; path = Base.lproj/Main.storyboard; sourceTree = "<group>"; };
		5EDA64081BE1E803002D0C8D /* Info.plist */ = {isa = PBXFileReference; lastKnownFileType = text.plist.xml; path = Info.plist; sourceTree = "<group>"; };
		5EDA64131BE1EA73002D0C8D /* Brick.swift */ = {isa = PBXFileReference; fileEncoding = 4; lastKnownFileType = sourcecode.swift; path = Brick.swift; sourceTree = "<group>"; };
		5EDA64171BE25654002D0C8D /* WindowController.swift */ = {isa = PBXFileReference; fileEncoding = 4; lastKnownFileType = sourcecode.swift; path = WindowController.swift; sourceTree = "<group>"; };
		5EDA64191BE26351002D0C8D /* GeneratorViewController.swift */ = {isa = PBXFileReference; fileEncoding = 4; lastKnownFileType = sourcecode.swift; path = GeneratorViewController.swift; sourceTree = "<group>"; };
		6802A3628AC2DA0933E11F80 /* Pods.framework */ = {isa = PBXFileReference; explicitFileType = wrapper.framework; includeInIndex = 0; path = Pods.framework; sourceTree = BUILT_PRODUCTS_DIR; };
		6843FD1798E41E3842D5A9FC /* Pods.release.xcconfig */ = {isa = PBXFileReference; includeInIndex = 1; lastKnownFileType = text.xcconfig; name = Pods.release.xcconfig; path = "Pods/Target Support Files/Pods/Pods.release.xcconfig"; sourceTree = "<group>"; };
/* End PBXFileReference section */

/* Begin PBXFrameworksBuildPhase section */
		5EDA63F91BE1E802002D0C8D /* Frameworks */ = {
			isa = PBXFrameworksBuildPhase;
			buildActionMask = 2147483647;
			files = (
				5E2459591BE32B9F00AF322B /* CoreData.framework in Frameworks */,
				1CBB1AB9AACA6CAAE57B6196 /* Pods.framework in Frameworks */,
			);
			runOnlyForDeploymentPostprocessing = 0;
		};
/* End PBXFrameworksBuildPhase section */

/* Begin PBXGroup section */
		3F039914D64E605E4BF36267 /* Pods */ = {
			isa = PBXGroup;
			children = (
				5C355C697C1B66BB7E0D4347 /* Pods.debug.xcconfig */,
				6843FD1798E41E3842D5A9FC /* Pods.release.xcconfig */,
			);
			name = Pods;
			sourceTree = "<group>";
		};
		5E2459541BE329FB00AF322B /* Frameworks */ = {
			isa = PBXGroup;
			children = (
				5E2459581BE32B9F00AF322B /* CoreData.framework */,
				5E2459571BE32A4400AF322B /* Tube_Bricks_Bridging_Header.h */,
			);
			name = Frameworks;
			sourceTree = "<group>";
		};
		5EDA63F31BE1E802002D0C8D = {
			isa = PBXGroup;
			children = (
				5EDA63FE1BE1E802002D0C8D /* Tube Bricks */,
				5EDA63FD1BE1E802002D0C8D /* Products */,
				3F039914D64E605E4BF36267 /* Pods */,
				CADB42AFF32BE5AAF7BDE3B2 /* Frameworks */,
			);
			sourceTree = "<group>";
		};
		5EDA63FD1BE1E802002D0C8D /* Products */ = {
			isa = PBXGroup;
			children = (
				5EDA63FC1BE1E802002D0C8D /* Tube Bricks.app */,
			);
			name = Products;
			sourceTree = "<group>";
		};
		5EDA63FE1BE1E802002D0C8D /* Tube Bricks */ = {
			isa = PBXGroup;
			children = (
				5E2459541BE329FB00AF322B /* Frameworks */,
				5EDA64121BE1EA5B002D0C8D /* Model */,
				5EDA63FF1BE1E803002D0C8D /* AppDelegate.swift */,
				5EDA64171BE25654002D0C8D /* WindowController.swift */,
				5EDA64011BE1E803002D0C8D /* BricksViewController.swift */,
				5E2DDB381BE9C8A100A45A8D /* SeparatorsViewController.swift */,
				5EDA64191BE26351002D0C8D /* GeneratorViewController.swift */,
				5E2DDB3C1BE9D63A00A45A8D /* GeneratorDestinationTableCellView.swift */,
				5EDA64031BE1E803002D0C8D /* Assets.xcassets */,
				5EDA64051BE1E803002D0C8D /* Main.storyboard */,
				5EDA64081BE1E803002D0C8D /* Info.plist */,
			);
			path = "Tube Bricks";
			sourceTree = "<group>";
		};
		5EDA64121BE1EA5B002D0C8D /* Model */ = {
			isa = PBXGroup;
			children = (
				5EDA64131BE1EA73002D0C8D /* Brick.swift */,
				5E2DDB3A1BE9C95300A45A8D /* Separator.swift */,
				5E2DDB3E1BE9F59A00A45A8D /* Generator.swift */,
			);
			name = Model;
			sourceTree = "<group>";
		};
		CADB42AFF32BE5AAF7BDE3B2 /* Frameworks */ = {
			isa = PBXGroup;
			children = (
				6802A3628AC2DA0933E11F80 /* Pods.framework */,
			);
			name = Frameworks;
			sourceTree = "<group>";
		};
/* End PBXGroup section */

/* Begin PBXNativeTarget section */
		5EDA63FB1BE1E802002D0C8D /* Tube Bricks */ = {
			isa = PBXNativeTarget;
			buildConfigurationList = 5EDA640B1BE1E803002D0C8D /* Build configuration list for PBXNativeTarget "Tube Bricks" */;
			buildPhases = (
				657360CB05A5D595849C7EAF /* Check Pods Manifest.lock */,
				5EDA63F81BE1E802002D0C8D /* Sources */,
				5EDA63F91BE1E802002D0C8D /* Frameworks */,
				5EDA63FA1BE1E802002D0C8D /* Resources */,
				5E2459711BE462FA00AF322B /* Embed Frameworks */,
				B679A27F535CB50222A9787B /* Embed Pods Frameworks */,
				6F693E8BA1CE3F729D7F40DE /* Copy Pods Resources */,
			);
			buildRules = (
			);
			dependencies = (
			);
			name = "Tube Bricks";
			productName = "Tube Bricks";
			productReference = 5EDA63FC1BE1E802002D0C8D /* Tube Bricks.app */;
			productType = "com.apple.product-type.application";
		};
/* End PBXNativeTarget section */

/* Begin PBXProject section */
		5EDA63F41BE1E802002D0C8D /* Project object */ = {
			isa = PBXProject;
			attributes = {
				LastSwiftUpdateCheck = 0710;
				LastUpgradeCheck = 0710;
				ORGANIZATIONNAME = "Jan Thielemann";
				TargetAttributes = {
					5EDA63FB1BE1E802002D0C8D = {
						CreatedOnToolsVersion = 7.1;
					};
				};
			};
			buildConfigurationList = 5EDA63F71BE1E802002D0C8D /* Build configuration list for PBXProject "Tube Bricks" */;
			compatibilityVersion = "Xcode 3.2";
			developmentRegion = English;
			hasScannedForEncodings = 0;
			knownRegions = (
				en,
				Base,
			);
			mainGroup = 5EDA63F31BE1E802002D0C8D;
			productRefGroup = 5EDA63FD1BE1E802002D0C8D /* Products */;
			projectDirPath = "";
			projectRoot = "";
			targets = (
				5EDA63FB1BE1E802002D0C8D /* Tube Bricks */,
			);
		};
/* End PBXProject section */

/* Begin PBXResourcesBuildPhase section */
		5EDA63FA1BE1E802002D0C8D /* Resources */ = {
			isa = PBXResourcesBuildPhase;
			buildActionMask = 2147483647;
			files = (
				5EDA64041BE1E803002D0C8D /* Assets.xcassets in Resources */,
				5EDA64071BE1E803002D0C8D /* Main.storyboard in Resources */,
			);
			runOnlyForDeploymentPostprocessing = 0;
		};
/* End PBXResourcesBuildPhase section */

/* Begin PBXShellScriptBuildPhase section */
		657360CB05A5D595849C7EAF /* Check Pods Manifest.lock */ = {
			isa = PBXShellScriptBuildPhase;
			buildActionMask = 2147483647;
			files = (
			);
			inputPaths = (
			);
			name = "Check Pods Manifest.lock";
			outputPaths = (
			);
			runOnlyForDeploymentPostprocessing = 0;
			shellPath = /bin/sh;
			shellScript = "diff \"${PODS_ROOT}/../Podfile.lock\" \"${PODS_ROOT}/Manifest.lock\" > /dev/null\nif [[ $? != 0 ]] ; then\n    cat << EOM\nerror: The sandbox is not in sync with the Podfile.lock. Run 'pod install' or update your CocoaPods installation.\nEOM\n    exit 1\nfi\n";
			showEnvVarsInLog = 0;
		};
		6F693E8BA1CE3F729D7F40DE /* Copy Pods Resources */ = {
			isa = PBXShellScriptBuildPhase;
			buildActionMask = 2147483647;
			files = (
			);
			inputPaths = (
			);
			name = "Copy Pods Resources";
			outputPaths = (
			);
			runOnlyForDeploymentPostprocessing = 0;
			shellPath = /bin/sh;
			shellScript = "\"${SRCROOT}/Pods/Target Support Files/Pods/Pods-resources.sh\"\n";
			showEnvVarsInLog = 0;
		};
		B679A27F535CB50222A9787B /* Embed Pods Frameworks */ = {
			isa = PBXShellScriptBuildPhase;
			buildActionMask = 2147483647;
			files = (
			);
			inputPaths = (
			);
			name = "Embed Pods Frameworks";
			outputPaths = (
			);
			runOnlyForDeploymentPostprocessing = 0;
			shellPath = /bin/sh;
			shellScript = "\"${SRCROOT}/Pods/Target Support Files/Pods/Pods-frameworks.sh\"\n";
			showEnvVarsInLog = 0;
		};
/* End PBXShellScriptBuildPhase section */

/* Begin PBXSourcesBuildPhase section */
		5EDA63F81BE1E802002D0C8D /* Sources */ = {
			isa = PBXSourcesBuildPhase;
			buildActionMask = 2147483647;
			files = (
				5EDA64021BE1E803002D0C8D /* BricksViewController.swift in Sources */,
				5EDA641A1BE26351002D0C8D /* GeneratorViewController.swift in Sources */,
				5E2DDB391BE9C8A100A45A8D /* SeparatorsViewController.swift in Sources */,
				5E2DDB3B1BE9C95300A45A8D /* Separator.swift in Sources */,
				5EDA64181BE25654002D0C8D /* WindowController.swift in Sources */,
				5EDA64001BE1E803002D0C8D /* AppDelegate.swift in Sources */,
				5E2DDB3F1BE9F59A00A45A8D /* Generator.swift in Sources */,
				5E2DDB3D1BE9D63B00A45A8D /* GeneratorDestinationTableCellView.swift in Sources */,
				5EDA64141BE1EA73002D0C8D /* Brick.swift in Sources */,
			);
			runOnlyForDeploymentPostprocessing = 0;
		};
/* End PBXSourcesBuildPhase section */

/* Begin PBXVariantGroup section */
		5EDA64051BE1E803002D0C8D /* Main.storyboard */ = {
			isa = PBXVariantGroup;
			children = (
				5EDA64061BE1E803002D0C8D /* Base */,
			);
			name = Main.storyboard;
			sourceTree = "<group>";
		};
/* End PBXVariantGroup section */

/* Begin XCBuildConfiguration section */
		5EDA64091BE1E803002D0C8D /* Debug */ = {
			isa = XCBuildConfiguration;
			buildSettings = {
				ALWAYS_SEARCH_USER_PATHS = NO;
				CLANG_CXX_LANGUAGE_STANDARD = "gnu++0x";
				CLANG_CXX_LIBRARY = "libc++";
				CLANG_ENABLE_MODULES = YES;
				CLANG_ENABLE_OBJC_ARC = YES;
				CLANG_WARN_BOOL_CONVERSION = YES;
				CLANG_WARN_CONSTANT_CONVERSION = YES;
				CLANG_WARN_DIRECT_OBJC_ISA_USAGE = YES_ERROR;
				CLANG_WARN_EMPTY_BODY = YES;
				CLANG_WARN_ENUM_CONVERSION = YES;
				CLANG_WARN_INT_CONVERSION = YES;
				CLANG_WARN_OBJC_ROOT_CLASS = YES_ERROR;
				CLANG_WARN_UNREACHABLE_CODE = YES;
				CLANG_WARN__DUPLICATE_METHOD_MATCH = YES;
				CODE_SIGN_IDENTITY = "-";
				COPY_PHASE_STRIP = NO;
				DEBUG_INFORMATION_FORMAT = dwarf;
				ENABLE_STRICT_OBJC_MSGSEND = YES;
				ENABLE_TESTABILITY = YES;
				GCC_C_LANGUAGE_STANDARD = gnu99;
				GCC_DYNAMIC_NO_PIC = NO;
				GCC_NO_COMMON_BLOCKS = YES;
				GCC_OPTIMIZATION_LEVEL = 0;
				GCC_PREPROCESSOR_DEFINITIONS = (
					"DEBUG=1",
					"$(inherited)",
				);
				GCC_WARN_64_TO_32_BIT_CONVERSION = YES;
				GCC_WARN_ABOUT_RETURN_TYPE = YES_ERROR;
				GCC_WARN_UNDECLARED_SELECTOR = YES;
				GCC_WARN_UNINITIALIZED_AUTOS = YES_AGGRESSIVE;
				GCC_WARN_UNUSED_FUNCTION = YES;
				GCC_WARN_UNUSED_VARIABLE = YES;
				MACOSX_DEPLOYMENT_TARGET = 10.11;
				MTL_ENABLE_DEBUG_INFO = YES;
				ONLY_ACTIVE_ARCH = YES;
				SDKROOT = macosx;
				SWIFT_OPTIMIZATION_LEVEL = "-Onone";
			};
			name = Debug;
		};
		5EDA640A1BE1E803002D0C8D /* Release */ = {
			isa = XCBuildConfiguration;
			buildSettings = {
				ALWAYS_SEARCH_USER_PATHS = NO;
				CLANG_CXX_LANGUAGE_STANDARD = "gnu++0x";
				CLANG_CXX_LIBRARY = "libc++";
				CLANG_ENABLE_MODULES = YES;
				CLANG_ENABLE_OBJC_ARC = YES;
				CLANG_WARN_BOOL_CONVERSION = YES;
				CLANG_WARN_CONSTANT_CONVERSION = YES;
				CLANG_WARN_DIRECT_OBJC_ISA_USAGE = YES_ERROR;
				CLANG_WARN_EMPTY_BODY = YES;
				CLANG_WARN_ENUM_CONVERSION = YES;
				CLANG_WARN_INT_CONVERSION = YES;
				CLANG_WARN_OBJC_ROOT_CLASS = YES_ERROR;
				CLANG_WARN_UNREACHABLE_CODE = YES;
				CLANG_WARN__DUPLICATE_METHOD_MATCH = YES;
				CODE_SIGN_IDENTITY = "-";
				COPY_PHASE_STRIP = NO;
				DEBUG_INFORMATION_FORMAT = "dwarf-with-dsym";
				ENABLE_NS_ASSERTIONS = NO;
				ENABLE_STRICT_OBJC_MSGSEND = YES;
				GCC_C_LANGUAGE_STANDARD = gnu99;
				GCC_NO_COMMON_BLOCKS = YES;
				GCC_WARN_64_TO_32_BIT_CONVERSION = YES;
				GCC_WARN_ABOUT_RETURN_TYPE = YES_ERROR;
				GCC_WARN_UNDECLARED_SELECTOR = YES;
				GCC_WARN_UNINITIALIZED_AUTOS = YES_AGGRESSIVE;
				GCC_WARN_UNUSED_FUNCTION = YES;
				GCC_WARN_UNUSED_VARIABLE = YES;
				MACOSX_DEPLOYMENT_TARGET = 10.11;
				MTL_ENABLE_DEBUG_INFO = NO;
				SDKROOT = macosx;
			};
			name = Release;
		};
		5EDA640C1BE1E803002D0C8D /* Debug */ = {
			isa = XCBuildConfiguration;
			baseConfigurationReference = 5C355C697C1B66BB7E0D4347 /* Pods.debug.xcconfig */;
			buildSettings = {
				ASSETCATALOG_COMPILER_APPICON_NAME = AppIcon;
				COMBINE_HIDPI_IMAGES = YES;
				FRAMEWORK_SEARCH_PATHS = (
					"$(inherited)",
					"$(PROJECT_DIR)/Tube",
					Bricks,
					"$(PROJECT_DIR)/Tube",
					Bricks,
				);
				INFOPLIST_FILE = "Tube Bricks/Info.plist";
				LD_RUNPATH_SEARCH_PATHS = "$(inherited) @executable_path/../Frameworks";
				PRODUCT_BUNDLE_IDENTIFIER = "jan.le.mann.Tube-Bricks";
				PRODUCT_NAME = "$(TARGET_NAME)";
			};
			name = Debug;
		};
		5EDA640D1BE1E803002D0C8D /* Release */ = {
			isa = XCBuildConfiguration;
			baseConfigurationReference = 6843FD1798E41E3842D5A9FC /* Pods.release.xcconfig */;
			buildSettings = {
				ASSETCATALOG_COMPILER_APPICON_NAME = AppIcon;
				COMBINE_HIDPI_IMAGES = YES;
				FRAMEWORK_SEARCH_PATHS = (
					"$(inherited)",
					"$(PROJECT_DIR)/Tube",
					Bricks,
					"$(PROJECT_DIR)/Tube",
					Bricks,
				);
				INFOPLIST_FILE = "Tube Bricks/Info.plist";
				LD_RUNPATH_SEARCH_PATHS = "$(inherited) @executable_path/../Frameworks";
				PRODUCT_BUNDLE_IDENTIFIER = "jan.le.mann.Tube-Bricks";
				PRODUCT_NAME = "$(TARGET_NAME)";
			};
			name = Release;
		};
/* End XCBuildConfiguration section */

/* Begin XCConfigurationList section */
		5EDA63F71BE1E802002D0C8D /* Build configuration list for PBXProject "Tube Bricks" */ = {
			isa = XCConfigurationList;
			buildConfigurations = (
				5EDA64091BE1E803002D0C8D /* Debug */,
				5EDA640A1BE1E803002D0C8D /* Release */,
			);
			defaultConfigurationIsVisible = 0;
			defaultConfigurationName = Release;
		};
		5EDA640B1BE1E803002D0C8D /* Build configuration list for PBXNativeTarget "Tube Bricks" */ = {
			isa = XCConfigurationList;
			buildConfigurations = (
				5EDA640C1BE1E803002D0C8D /* Debug */,
				5EDA640D1BE1E803002D0C8D /* Release */,
			);
			defaultConfigurationIsVisible = 0;
			defaultConfigurationName = Release;
		};
/* End XCConfigurationList section */
	};
	rootObject = 5EDA63F41BE1E802002D0C8D /* Project object */;
}
